
Microsoft Visual Studio Solution File, Format Version 12.00
# Visual Studio Version 17
VisualStudioVersion = 17.3.32901.215
MinimumVisualStudioVersion = 10.0.40219.1
Project("{FAE04EC0-301F-11D3-BF4B-00C04F79EFBC}") = "MyTemplateMVC6", "MyTemplateMVC6.csproj", "{9CDD2B2F-34DE-49E5-95FD-3967153AF1CF}"
EndProject
Global
	GlobalSection(SolutionConfigurationPlatforms) = preSolution
		Debug|Any CPU = Debug|Any CPU
		Release|Any CPU = Release|Any CPU
	EndGlobalSection
	GlobalSection(ProjectConfigurationPlatforms) = postSolution
		{9CDD2B2F-34DE-49E5-95FD-3967153AF1CF}.Debug|Any CPU.ActiveCfg = Debug|Any CPU
		{9CDD2B2F-34DE-49E5-95FD-3967153AF1CF}.Debug|Any CPU.Build.0 = Debug|Any CPU
		{9CDD2B2F-34DE-49E5-95FD-3967153AF1CF}.Release|Any CPU.ActiveCfg = Release|Any CPU
		{9CDD2B2F-34DE-49E5-95FD-3967153AF1CF}.Release|Any CPU.Build.0 = Release|Any CPU
	EndGlobalSection
	GlobalSection(SolutionProperties) = preSolution
		HideSolutionNode = FALSE
	EndGlobalSection
	GlobalSection(ExtensibilityGlobals) = postSolution
		SolutionGuid = {5E459F59-7689-4590-9373-493F98581452}
	EndGlobalSection
EndGlobal
